
Microsoft Visual Studio Solution File, Format Version 12.00
# Visual Studio 15
VisualStudioVersion = 15.0.27130.2010
MinimumVisualStudioVersion = 10.0.40219.1
Project("{FAE04EC0-301F-11D3-BF4B-00C04F79EFBC}") = "Server", "Server\Server.csproj", "{2A0FF5B8-C6BE-44A6-A25B-5B91F50C2811}"
EndProject
Global
	GlobalSection(SolutionConfigurationPlatforms) = preSolution
		Debug|Any CPU = Debug|Any CPU
		Release|Any CPU = Release|Any CPU
	EndGlobalSection
	GlobalSection(ProjectConfigurationPlatforms) = postSolution
		{2A0FF5B8-C6BE-44A6-A25B-5B91F50C2811}.Debug|Any CPU.ActiveCfg = Debug|Any CPU
		{2A0FF5B8-C6BE-44A6-A25B-5B91F50C2811}.Debug|Any CPU.Build.0 = Debug|Any CPU
		{2A0FF5B8-C6BE-44A6-A25B-5B91F50C2811}.Release|Any CPU.ActiveCfg = Release|Any CPU
		{2A0FF5B8-C6BE-44A6-A25B-5B91F50C2811}.Release|Any CPU.Build.0 = Release|Any CPU
	EndGlobalSection
	GlobalSection(SolutionProperties) = preSolution
		HideSolutionNode = FALSE
	EndGlobalSection
	GlobalSection(ExtensibilityGlobals) = postSolution
		SolutionGuid = {C73B34B0-D997-47A7-8714-50D1C287BD89}
	EndGlobalSection
EndGlobal
