
Microsoft Visual Studio Solution File, Format Version 12.00
# Visual Studio 15
VisualStudioVersion = 15.0.27130.2010
MinimumVisualStudioVersion = 10.0.40219.1
Project("{FAE04EC0-301F-11D3-BF4B-00C04F79EFBC}") = "Sotb.UI", "Sotb.UI\Sotb.UI.csproj", "{5E79A73F-D9A3-45C8-A817-4F993949311D}"
EndProject
Global
	GlobalSection(SolutionConfigurationPlatforms) = preSolution
		Debug|Any CPU = Debug|Any CPU
		Release|Any CPU = Release|Any CPU
	EndGlobalSection
	GlobalSection(ProjectConfigurationPlatforms) = postSolution
		{5E79A73F-D9A3-45C8-A817-4F993949311D}.Debug|Any CPU.ActiveCfg = Debug|Any CPU
		{5E79A73F-D9A3-45C8-A817-4F993949311D}.Debug|Any CPU.Build.0 = Debug|Any CPU
		{5E79A73F-D9A3-45C8-A817-4F993949311D}.Release|Any CPU.ActiveCfg = Release|Any CPU
		{5E79A73F-D9A3-45C8-A817-4F993949311D}.Release|Any CPU.Build.0 = Release|Any CPU
	EndGlobalSection
	GlobalSection(SolutionProperties) = preSolution
		HideSolutionNode = FALSE
	EndGlobalSection
	GlobalSection(ExtensibilityGlobals) = postSolution
		SolutionGuid = {7008828F-50E9-4BE9-A187-22B2BE982E78}
	EndGlobalSection
EndGlobal
